# This file is automatically @generated by Cargo.
# It is not intended for manual editing.
[[package]]
name = "arbitrary"
version = "0.4.0"
source = "registry+https://github.com/rust-lang/crates.io-index"
checksum = "16971f2f0ce65c5cf2a1546cc6a0af102ecb11e265ddaa9433fb3e5bfdf676a4"

[[package]]
name = "cc"
version = "1.0.50"
source = "registry+https://github.com/rust-lang/crates.io-index"
checksum = "95e28fa049fda1c330bcf9d723be7663a899c4679724b34c81e9f5a326aab8cd"

[[package]]
name = "libfuzzer-sys"
version = "0.3.1"
source = "registry+https://github.com/rust-lang/crates.io-index"
checksum = "fb789afcc589a08928d1e466087445ab740a0f70a2ee23d9349a0e3723d65e1b"
dependencies = [
 "arbitrary",
 "cc",
]

[[package]]
name = "synapse-bencode"
version = "0.1.0"

[[package]]
name = "synapse-fuzz"
version = "0.0.0"
dependencies = [
 "libfuzzer-sys",
 "synapse-bencode",
]
